
Microsoft Visual Studio Solution File, Format Version 12.00
# Visual Studio Version 17
VisualStudioVersion = 17.9.34728.123
MinimumVisualStudioVersion = 10.0.40219.1
Project("{FAE04EC0-301F-11D3-BF4B-00C04F79EFBC}") = "MagicCave", "MagicCave.csproj", "{FF591DF9-C6BC-4843-B6A8-4AD1BB619595}"
EndProject
Global
	GlobalSection(SolutionConfigurationPlatforms) = preSolution
		Debug|Any CPU = Debug|Any CPU
		Release|Any CPU = Release|Any CPU
	EndGlobalSection
	GlobalSection(ProjectConfigurationPlatforms) = postSolution
		{FF591DF9-C6BC-4843-B6A8-4AD1BB619595}.Debug|Any CPU.ActiveCfg = Debug|Any CPU
		{FF591DF9-C6BC-4843-B6A8-4AD1BB619595}.Debug|Any CPU.Build.0 = Debug|Any CPU
		{FF591DF9-C6BC-4843-B6A8-4AD1BB619595}.Release|Any CPU.ActiveCfg = Release|Any CPU
		{FF591DF9-C6BC-4843-B6A8-4AD1BB619595}.Release|Any CPU.Build.0 = Release|Any CPU
	EndGlobalSection
	GlobalSection(SolutionProperties) = preSolution
		HideSolutionNode = FALSE
	EndGlobalSection
	GlobalSection(ExtensibilityGlobals) = postSolution
		SolutionGuid = {2580DCC2-15DE-4CFF-9E23-07BD3B5A365C}
	EndGlobalSection
EndGlobal
